// !$*UTF8*$!
{
	archiveVersion = 1;
	classes = {
	};
	objectVersion = 56;
	objects = {

/* Begin PBXBuildFile section */
		170FF4C9299D154300EF43C8 /* InfoViewController.swift in Sources */ = {isa = PBXBuildFile; fileRef = 170FF4C8299D154300EF43C8 /* InfoViewController.swift */; };
		17A17CDE29E134E600E56F33 /* StorageService.h in Headers */ = {isa = PBXBuildFile; fileRef = 17A17CDD29E134E600E56F33 /* StorageService.h */; settings = {ATTRIBUTES = (Public, ); }; };
		17A17CE129E134E600E56F33 /* StorageService.framework in Frameworks */ = {isa = PBXBuildFile; fileRef = 17A17CDB29E134E600E56F33 /* StorageService.framework */; };
		17A17CE229E134E600E56F33 /* StorageService.framework in Embed Frameworks */ = {isa = PBXBuildFile; fileRef = 17A17CDB29E134E600E56F33 /* StorageService.framework */; settings = {ATTRIBUTES = (CodeSignOnCopy, RemoveHeadersOnCopy, ); }; };
		17A17CE929E1350B00E56F33 /* Post.swift in Sources */ = {isa = PBXBuildFile; fileRef = 170FF4C6299D089F00EF43C8 /* Post.swift */; };
		17A17CEC29E2AC7C00E56F33 /* iOSIntPackage in Frameworks */ = {isa = PBXBuildFile; productRef = 17A17CEB29E2AC7C00E56F33 /* iOSIntPackage */; };
		17A223BF299A78A700DF17C7 /* AppDelegate.swift in Sources */ = {isa = PBXBuildFile; fileRef = 17A223BE299A78A700DF17C7 /* AppDelegate.swift */; };
		17A223C1299A78A700DF17C7 /* SceneDelegate.swift in Sources */ = {isa = PBXBuildFile; fileRef = 17A223C0299A78A700DF17C7 /* SceneDelegate.swift */; };
		17A223C3299A78A700DF17C7 /* ViewController.swift in Sources */ = {isa = PBXBuildFile; fileRef = 17A223C2299A78A700DF17C7 /* ViewController.swift */; };
		17A223C8299A78A800DF17C7 /* Assets.xcassets in Resources */ = {isa = PBXBuildFile; fileRef = 17A223C7299A78A800DF17C7 /* Assets.xcassets */; };
		17A223CB299A78A800DF17C7 /* LaunchScreen.storyboard in Resources */ = {isa = PBXBuildFile; fileRef = 17A223C9299A78A800DF17C7 /* LaunchScreen.storyboard */; };
		17A223F5299AABFD00DF17C7 /* FeedViewController.swift in Sources */ = {isa = PBXBuildFile; fileRef = 17A223F4299AABFD00DF17C7 /* FeedViewController.swift */; };
		17A223F7299AACCD00DF17C7 /* ProfileViewController.swift in Sources */ = {isa = PBXBuildFile; fileRef = 17A223F6299AACCD00DF17C7 /* ProfileViewController.swift */; };
		17A223F9299BBB5200DF17C7 /* PostViewController.swift in Sources */ = {isa = PBXBuildFile; fileRef = 17A223F8299BBB5200DF17C7 /* PostViewController.swift */; };
		17D32F0029AB739800C4A023 /* LogInViewController.swift in Sources */ = {isa = PBXBuildFile; fileRef = 17D32EFF29AB739800C4A023 /* LogInViewController.swift */; };
		17D32F0229AE584400C4A023 /* PostTableViewCell.swift in Sources */ = {isa = PBXBuildFile; fileRef = 17D32F0129AE584400C4A023 /* PostTableViewCell.swift */; };
		17D32F0429B24F9200C4A023 /* PhotosViewController.swift in Sources */ = {isa = PBXBuildFile; fileRef = 17D32F0329B24F9200C4A023 /* PhotosViewController.swift */; };
		17D32F0629B2512200C4A023 /* PhotosCollectionViewCell.swift in Sources */ = {isa = PBXBuildFile; fileRef = 17D32F0529B2512200C4A023 /* PhotosCollectionViewCell.swift */; };
		17D32F0829B3204400C4A023 /* PhotosTableViewCell.swift in Sources */ = {isa = PBXBuildFile; fileRef = 17D32F0729B3204400C4A023 /* PhotosTableViewCell.swift */; };
		17D32F0A29B4739200C4A023 /* ProfileTableViewCell.swift in Sources */ = {isa = PBXBuildFile; fileRef = 17D32F0929B4739200C4A023 /* ProfileTableViewCell.swift */; };
		D33C4EFED0B0754B6D95A4E8 /* Pods_Navigation.framework in Frameworks */ = {isa = PBXBuildFile; fileRef = 4825D1DB8F0E18AA14B6C70A /* Pods_Navigation.framework */; };
/* End PBXBuildFile section */

/* Begin PBXContainerItemProxy section */
		17A17CDF29E134E600E56F33 /* PBXContainerItemProxy */ = {
			isa = PBXContainerItemProxy;
			containerPortal = 17A223B3299A78A700DF17C7 /* Project object */;
			proxyType = 1;
			remoteGlobalIDString = 17A17CDA29E134E600E56F33;
			remoteInfo = StorageService;
		};
/* End PBXContainerItemProxy section */

/* Begin PBXCopyFilesBuildPhase section */
		17A17CCF29E132C700E56F33 /* Embed Frameworks */ = {
			isa = PBXCopyFilesBuildPhase;
			buildActionMask = 2147483647;
			dstPath = "";
			dstSubfolderSpec = 10;
			files = (
				17A17CE229E134E600E56F33 /* StorageService.framework in Embed Frameworks */,
			);
			name = "Embed Frameworks";
			runOnlyForDeploymentPostprocessing = 0;
		};
/* End PBXCopyFilesBuildPhase section */

/* Begin PBXFileReference section */
		170FF4C6299D089F00EF43C8 /* Post.swift */ = {isa = PBXFileReference; lastKnownFileType = sourcecode.swift; path = Post.swift; sourceTree = "<group>"; };
		170FF4C8299D154300EF43C8 /* InfoViewController.swift */ = {isa = PBXFileReference; lastKnownFileType = sourcecode.swift; path = InfoViewController.swift; sourceTree = "<group>"; };
		17A17CDB29E134E600E56F33 /* StorageService.framework */ = {isa = PBXFileReference; explicitFileType = wrapper.framework; includeInIndex = 0; path = StorageService.framework; sourceTree = BUILT_PRODUCTS_DIR; };
		17A17CDD29E134E600E56F33 /* StorageService.h */ = {isa = PBXFileReference; lastKnownFileType = sourcecode.c.h; path = StorageService.h; sourceTree = "<group>"; };
		17A223BB299A78A700DF17C7 /* Navigation.app */ = {isa = PBXFileReference; explicitFileType = wrapper.application; includeInIndex = 0; path = Navigation.app; sourceTree = BUILT_PRODUCTS_DIR; };
		17A223BE299A78A700DF17C7 /* AppDelegate.swift */ = {isa = PBXFileReference; lastKnownFileType = sourcecode.swift; path = AppDelegate.swift; sourceTree = "<group>"; };
		17A223C0299A78A700DF17C7 /* SceneDelegate.swift */ = {isa = PBXFileReference; lastKnownFileType = sourcecode.swift; path = SceneDelegate.swift; sourceTree = "<group>"; };
		17A223C2299A78A700DF17C7 /* ViewController.swift */ = {isa = PBXFileReference; lastKnownFileType = sourcecode.swift; path = ViewController.swift; sourceTree = "<group>"; };
		17A223C7299A78A800DF17C7 /* Assets.xcassets */ = {isa = PBXFileReference; lastKnownFileType = folder.assetcatalog; path = Assets.xcassets; sourceTree = "<group>"; };
		17A223CA299A78A800DF17C7 /* Base */ = {isa = PBXFileReference; lastKnownFileType = file.storyboard; name = Base; path = Base.lproj/LaunchScreen.storyboard; sourceTree = "<group>"; };
		17A223CC299A78A800DF17C7 /* Info.plist */ = {isa = PBXFileReference; lastKnownFileType = text.plist.xml; path = Info.plist; sourceTree = "<group>"; };
		17A223F4299AABFD00DF17C7 /* FeedViewController.swift */ = {isa = PBXFileReference; lastKnownFileType = sourcecode.swift; path = FeedViewController.swift; sourceTree = "<group>"; };
		17A223F6299AACCD00DF17C7 /* ProfileViewController.swift */ = {isa = PBXFileReference; lastKnownFileType = sourcecode.swift; path = ProfileViewController.swift; sourceTree = "<group>"; };
		17A223F8299BBB5200DF17C7 /* PostViewController.swift */ = {isa = PBXFileReference; lastKnownFileType = sourcecode.swift; path = PostViewController.swift; sourceTree = "<group>"; };
		17D32EFF29AB739800C4A023 /* LogInViewController.swift */ = {isa = PBXFileReference; lastKnownFileType = sourcecode.swift; path = LogInViewController.swift; sourceTree = "<group>"; };
		17D32F0129AE584400C4A023 /* PostTableViewCell.swift */ = {isa = PBXFileReference; lastKnownFileType = sourcecode.swift; path = PostTableViewCell.swift; sourceTree = "<group>"; };
		17D32F0329B24F9200C4A023 /* PhotosViewController.swift */ = {isa = PBXFileReference; lastKnownFileType = sourcecode.swift; path = PhotosViewController.swift; sourceTree = "<group>"; };
		17D32F0529B2512200C4A023 /* PhotosCollectionViewCell.swift */ = {isa = PBXFileReference; lastKnownFileType = sourcecode.swift; path = PhotosCollectionViewCell.swift; sourceTree = "<group>"; };
		17D32F0729B3204400C4A023 /* PhotosTableViewCell.swift */ = {isa = PBXFileReference; lastKnownFileType = sourcecode.swift; path = PhotosTableViewCell.swift; sourceTree = "<group>"; };
		17D32F0929B4739200C4A023 /* ProfileTableViewCell.swift */ = {isa = PBXFileReference; lastKnownFileType = sourcecode.swift; path = ProfileTableViewCell.swift; sourceTree = "<group>"; };
		4825D1DB8F0E18AA14B6C70A /* Pods_Navigation.framework */ = {isa = PBXFileReference; explicitFileType = wrapper.framework; includeInIndex = 0; path = Pods_Navigation.framework; sourceTree = BUILT_PRODUCTS_DIR; };
		CE157BEB0B3A6D55D4A0BE7B /* Pods-Navigation.debug.xcconfig */ = {isa = PBXFileReference; includeInIndex = 1; lastKnownFileType = text.xcconfig; name = "Pods-Navigation.debug.xcconfig"; path = "Target Support Files/Pods-Navigation/Pods-Navigation.debug.xcconfig"; sourceTree = "<group>"; };
		E79CC38D933107068A0565FD /* Pods-Navigation.release.xcconfig */ = {isa = PBXFileReference; includeInIndex = 1; lastKnownFileType = text.xcconfig; name = "Pods-Navigation.release.xcconfig"; path = "Target Support Files/Pods-Navigation/Pods-Navigation.release.xcconfig"; sourceTree = "<group>"; };
/* End PBXFileReference section */

/* Begin PBXFrameworksBuildPhase section */
		17A17CD829E134E600E56F33 /* Frameworks */ = {
			isa = PBXFrameworksBuildPhase;
			buildActionMask = 2147483647;
			files = (
			);
			runOnlyForDeploymentPostprocessing = 0;
		};
		17A223B8299A78A700DF17C7 /* Frameworks */ = {
			isa = PBXFrameworksBuildPhase;
			buildActionMask = 2147483647;
			files = (
				17A17CEC29E2AC7C00E56F33 /* iOSIntPackage in Frameworks */,
				17A17CE129E134E600E56F33 /* StorageService.framework in Frameworks */,
				D33C4EFED0B0754B6D95A4E8 /* Pods_Navigation.framework in Frameworks */,
			);
			runOnlyForDeploymentPostprocessing = 0;
		};
/* End PBXFrameworksBuildPhase section */

/* Begin PBXGroup section */
		1769621529A51F9A009A9981 /* Profile */ = {
			isa = PBXGroup;
			children = (
				17D32F0129AE584400C4A023 /* PostTableViewCell.swift */,
				17A223F6299AACCD00DF17C7 /* ProfileViewController.swift */,
				17D32F0729B3204400C4A023 /* PhotosTableViewCell.swift */,
				17D32F0929B4739200C4A023 /* ProfileTableViewCell.swift */,
				17D32EFF29AB739800C4A023 /* LogInViewController.swift */,
				17D32F0329B24F9200C4A023 /* PhotosViewController.swift */,
				17D32F0529B2512200C4A023 /* PhotosCollectionViewCell.swift */,
			);
			path = Profile;
			sourceTree = "<group>";
		};
		17A17CDC29E134E600E56F33 /* StorageService */ = {
			isa = PBXGroup;
			children = (
				170FF4C6299D089F00EF43C8 /* Post.swift */,
				17A17CDD29E134E600E56F33 /* StorageService.h */,
			);
			path = StorageService;
			sourceTree = "<group>";
		};
		17A223B2299A78A700DF17C7 = {
			isa = PBXGroup;
			children = (
				17A223BD299A78A700DF17C7 /* Navigation */,
				17A17CDC29E134E600E56F33 /* StorageService */,
				17A223BC299A78A700DF17C7 /* Products */,
				C772AF16810B033D4C62D18C /* Pods */,
				C6A21C3E0DAD985C27636AF2 /* Frameworks */,
			);
			sourceTree = "<group>";
		};
		17A223BC299A78A700DF17C7 /* Products */ = {
			isa = PBXGroup;
			children = (
				17A223BB299A78A700DF17C7 /* Navigation.app */,
				17A17CDB29E134E600E56F33 /* StorageService.framework */,
			);
			name = Products;
			sourceTree = "<group>";
		};
		17A223BD299A78A700DF17C7 /* Navigation */ = {
			isa = PBXGroup;
			children = (
				17A223BE299A78A700DF17C7 /* AppDelegate.swift */,
				17A223C0299A78A700DF17C7 /* SceneDelegate.swift */,
				17A223F8299BBB5200DF17C7 /* PostViewController.swift */,
				17A223C2299A78A700DF17C7 /* ViewController.swift */,
				17A223F4299AABFD00DF17C7 /* FeedViewController.swift */,
				170FF4C8299D154300EF43C8 /* InfoViewController.swift */,
				1769621529A51F9A009A9981 /* Profile */,
				17A223C7299A78A800DF17C7 /* Assets.xcassets */,
				17A223C9299A78A800DF17C7 /* LaunchScreen.storyboard */,
				17A223CC299A78A800DF17C7 /* Info.plist */,
			);
			path = Navigation;
			sourceTree = "<group>";
		};
		C6A21C3E0DAD985C27636AF2 /* Frameworks */ = {
			isa = PBXGroup;
			children = (
				4825D1DB8F0E18AA14B6C70A /* Pods_Navigation.framework */,
			);
			name = Frameworks;
			sourceTree = "<group>";
		};
		C772AF16810B033D4C62D18C /* Pods */ = {
			isa = PBXGroup;
			children = (
				CE157BEB0B3A6D55D4A0BE7B /* Pods-Navigation.debug.xcconfig */,
				E79CC38D933107068A0565FD /* Pods-Navigation.release.xcconfig */,
			);
			path = Pods;
			sourceTree = "<group>";
		};
/* End PBXGroup section */

/* Begin PBXHeadersBuildPhase section */
		17A17CD629E134E600E56F33 /* Headers */ = {
			isa = PBXHeadersBuildPhase;
			buildActionMask = 2147483647;
			files = (
				17A17CDE29E134E600E56F33 /* StorageService.h in Headers */,
			);
			runOnlyForDeploymentPostprocessing = 0;
		};
/* End PBXHeadersBuildPhase section */

/* Begin PBXNativeTarget section */
		17A17CDA29E134E600E56F33 /* StorageService */ = {
			isa = PBXNativeTarget;
			buildConfigurationList = 17A17CE329E134E600E56F33 /* Build configuration list for PBXNativeTarget "StorageService" */;
			buildPhases = (
				17A17CD629E134E600E56F33 /* Headers */,
				17A17CD729E134E600E56F33 /* Sources */,
				17A17CD829E134E600E56F33 /* Frameworks */,
				17A17CD929E134E600E56F33 /* Resources */,
			);
			buildRules = (
			);
			dependencies = (
			);
			name = StorageService;
			productName = StorageService;
			productReference = 17A17CDB29E134E600E56F33 /* StorageService.framework */;
			productType = "com.apple.product-type.framework";
		};
		17A223BA299A78A700DF17C7 /* Navigation */ = {
			isa = PBXNativeTarget;
			buildConfigurationList = 17A223CF299A78A800DF17C7 /* Build configuration list for PBXNativeTarget "Navigation" */;
			buildPhases = (
				0A33812C9696CB4F9F1AAFE6 /* [CP] Check Pods Manifest.lock */,
				17A223B7299A78A700DF17C7 /* Sources */,
				17A223B8299A78A700DF17C7 /* Frameworks */,
				17A223B9299A78A700DF17C7 /* Resources */,
				17A17CCF29E132C700E56F33 /* Embed Frameworks */,
				CE954F67472CCD84F1A4346A /* [CP] Embed Pods Frameworks */,
			);
			buildRules = (
			);
			dependencies = (
				17A17CE029E134E600E56F33 /* PBXTargetDependency */,
			);
			name = Navigation;
			packageProductDependencies = (
				17A17CEB29E2AC7C00E56F33 /* iOSIntPackage */,
			);
			productName = Navigation;
			productReference = 17A223BB299A78A700DF17C7 /* Navigation.app */;
			productType = "com.apple.product-type.application";
		};
/* End PBXNativeTarget section */

/* Begin PBXProject section */
		17A223B3299A78A700DF17C7 /* Project object */ = {
			isa = PBXProject;
			attributes = {
				BuildIndependentTargetsInParallel = 1;
				LastSwiftUpdateCheck = 1400;
				LastUpgradeCheck = 1400;
				TargetAttributes = {
					17A17CDA29E134E600E56F33 = {
						CreatedOnToolsVersion = 14.0.1;
					};
					17A223BA299A78A700DF17C7 = {
						CreatedOnToolsVersion = 14.0.1;
					};
				};
			};
			buildConfigurationList = 17A223B6299A78A700DF17C7 /* Build configuration list for PBXProject "Navigation" */;
			compatibilityVersion = "Xcode 14.0";
			developmentRegion = en;
			hasScannedForEncodings = 0;
			knownRegions = (
				en,
				Base,
			);
			mainGroup = 17A223B2299A78A700DF17C7;
			packageReferences = (
				17A17CEA29E2AC7C00E56F33 /* XCRemoteSwiftPackageReference "iOSIntPackage" */,
			);
			productRefGroup = 17A223BC299A78A700DF17C7 /* Products */;
			projectDirPath = "";
			projectRoot = "";
			targets = (
				17A223BA299A78A700DF17C7 /* Navigation */,
				17A17CDA29E134E600E56F33 /* StorageService */,
			);
		};
/* End PBXProject section */

/* Begin PBXResourcesBuildPhase section */
		17A17CD929E134E600E56F33 /* Resources */ = {
			isa = PBXResourcesBuildPhase;
			buildActionMask = 2147483647;
			files = (
			);
			runOnlyForDeploymentPostprocessing = 0;
		};
		17A223B9299A78A700DF17C7 /* Resources */ = {
			isa = PBXResourcesBuildPhase;
			buildActionMask = 2147483647;
			files = (
				17A223CB299A78A800DF17C7 /* LaunchScreen.storyboard in Resources */,
				17A223C8299A78A800DF17C7 /* Assets.xcassets in Resources */,
			);
			runOnlyForDeploymentPostprocessing = 0;
		};
/* End PBXResourcesBuildPhase section */

/* Begin PBXShellScriptBuildPhase section */
		0A33812C9696CB4F9F1AAFE6 /* [CP] Check Pods Manifest.lock */ = {
			isa = PBXShellScriptBuildPhase;
			buildActionMask = 2147483647;
			files = (
			);
			inputFileListPaths = (
			);
			inputPaths = (
				"${PODS_PODFILE_DIR_PATH}/Podfile.lock",
				"${PODS_ROOT}/Manifest.lock",
			);
			name = "[CP] Check Pods Manifest.lock";
			outputFileListPaths = (
			);
			outputPaths = (
				"$(DERIVED_FILE_DIR)/Pods-Navigation-checkManifestLockResult.txt",
			);
			runOnlyForDeploymentPostprocessing = 0;
			shellPath = /bin/sh;
			shellScript = "diff \"${PODS_PODFILE_DIR_PATH}/Podfile.lock\" \"${PODS_ROOT}/Manifest.lock\" > /dev/null\nif [ $? != 0 ] ; then\n    # print error to STDERR\n    echo \"error: The sandbox is not in sync with the Podfile.lock. Run 'pod install' or update your CocoaPods installation.\" >&2\n    exit 1\nfi\n# This output is used by Xcode 'outputs' to avoid re-running this script phase.\necho \"SUCCESS\" > \"${SCRIPT_OUTPUT_FILE_0}\"\n";
			showEnvVarsInLog = 0;
		};
		CE954F67472CCD84F1A4346A /* [CP] Embed Pods Frameworks */ = {
			isa = PBXShellScriptBuildPhase;
			buildActionMask = 2147483647;
			files = (
			);
			inputFileListPaths = (
				"${PODS_ROOT}/Target Support Files/Pods-Navigation/Pods-Navigation-frameworks-${CONFIGURATION}-input-files.xcfilelist",
			);
			name = "[CP] Embed Pods Frameworks";
			outputFileListPaths = (
				"${PODS_ROOT}/Target Support Files/Pods-Navigation/Pods-Navigation-frameworks-${CONFIGURATION}-output-files.xcfilelist",
			);
			runOnlyForDeploymentPostprocessing = 0;
			shellPath = /bin/sh;
			shellScript = "\"${PODS_ROOT}/Target Support Files/Pods-Navigation/Pods-Navigation-frameworks.sh\"\n";
			showEnvVarsInLog = 0;
		};
/* End PBXShellScriptBuildPhase section */

/* Begin PBXSourcesBuildPhase section */
		17A17CD729E134E600E56F33 /* Sources */ = {
			isa = PBXSourcesBuildPhase;
			buildActionMask = 2147483647;
			files = (
				17A17CE929E1350B00E56F33 /* Post.swift in Sources */,
			);
			runOnlyForDeploymentPostprocessing = 0;
		};
		17A223B7299A78A700DF17C7 /* Sources */ = {
			isa = PBXSourcesBuildPhase;
			buildActionMask = 2147483647;
			files = (
				17D32F0229AE584400C4A023 /* PostTableViewCell.swift in Sources */,
				17A223F9299BBB5200DF17C7 /* PostViewController.swift in Sources */,
				17A223C3299A78A700DF17C7 /* ViewController.swift in Sources */,
				17D32F0A29B4739200C4A023 /* ProfileTableViewCell.swift in Sources */,
				17A223BF299A78A700DF17C7 /* AppDelegate.swift in Sources */,
				17D32F0629B2512200C4A023 /* PhotosCollectionViewCell.swift in Sources */,
				17A223F7299AACCD00DF17C7 /* ProfileViewController.swift in Sources */,
				17A223F5299AABFD00DF17C7 /* FeedViewController.swift in Sources */,
				17D32F0829B3204400C4A023 /* PhotosTableViewCell.swift in Sources */,
				170FF4C9299D154300EF43C8 /* InfoViewController.swift in Sources */,
				17D32F0429B24F9200C4A023 /* PhotosViewController.swift in Sources */,
				17D32F0029AB739800C4A023 /* LogInViewController.swift in Sources */,
				17A223C1299A78A700DF17C7 /* SceneDelegate.swift in Sources */,
			);
			runOnlyForDeploymentPostprocessing = 0;
		};
/* End PBXSourcesBuildPhase section */

/* Begin PBXTargetDependency section */
		17A17CE029E134E600E56F33 /* PBXTargetDependency */ = {
			isa = PBXTargetDependency;
			target = 17A17CDA29E134E600E56F33 /* StorageService */;
			targetProxy = 17A17CDF29E134E600E56F33 /* PBXContainerItemProxy */;
		};
/* End PBXTargetDependency section */

/* Begin PBXVariantGroup section */
		17A223C9299A78A800DF17C7 /* LaunchScreen.storyboard */ = {
			isa = PBXVariantGroup;
			children = (
				17A223CA299A78A800DF17C7 /* Base */,
			);
			name = LaunchScreen.storyboard;
			sourceTree = "<group>";
		};
/* End PBXVariantGroup section */

/* Begin XCBuildConfiguration section */
		17A17CE429E134E600E56F33 /* Debug */ = {
			isa = XCBuildConfiguration;
			buildSettings = {
				CODE_SIGN_STYLE = Automatic;
				CURRENT_PROJECT_VERSION = 1;
				DEFINES_MODULE = YES;
				DYLIB_COMPATIBILITY_VERSION = 1;
				DYLIB_CURRENT_VERSION = 1;
				DYLIB_INSTALL_NAME_BASE = "@rpath";
				GENERATE_INFOPLIST_FILE = YES;
				INFOPLIST_KEY_NSHumanReadableCopyright = "";
				INSTALL_PATH = "$(LOCAL_LIBRARY_DIR)/Frameworks";
				LD_RUNPATH_SEARCH_PATHS = (
					"$(inherited)",
					"@executable_path/Frameworks",
					"@loader_path/Frameworks",
				);
				MARKETING_VERSION = 1.0;
				PRODUCT_BUNDLE_IDENTIFIER = Netology.StorageService;
				PRODUCT_NAME = "$(TARGET_NAME:c99extidentifier)";
				SKIP_INSTALL = YES;
				SWIFT_EMIT_LOC_STRINGS = YES;
				SWIFT_VERSION = 5.0;
				TARGETED_DEVICE_FAMILY = "1,2";
				VERSIONING_SYSTEM = "apple-generic";
				VERSION_INFO_PREFIX = "";
			};
			name = Debug;
		};
		17A17CE529E134E600E56F33 /* Release */ = {
			isa = XCBuildConfiguration;
			buildSettings = {
				CODE_SIGN_STYLE = Automatic;
				CURRENT_PROJECT_VERSION = 1;
				DEFINES_MODULE = YES;
				DYLIB_COMPATIBILITY_VERSION = 1;
				DYLIB_CURRENT_VERSION = 1;
				DYLIB_INSTALL_NAME_BASE = "@rpath";
				GENERATE_INFOPLIST_FILE = YES;
				INFOPLIST_KEY_NSHumanReadableCopyright = "";
				INSTALL_PATH = "$(LOCAL_LIBRARY_DIR)/Frameworks";
				LD_RUNPATH_SEARCH_PATHS = (
					"$(inherited)",
					"@executable_path/Frameworks",
					"@loader_path/Frameworks",
				);
				MARKETING_VERSION = 1.0;
				PRODUCT_BUNDLE_IDENTIFIER = Netology.StorageService;
				PRODUCT_NAME = "$(TARGET_NAME:c99extidentifier)";
				SKIP_INSTALL = YES;
				SWIFT_EMIT_LOC_STRINGS = YES;
				SWIFT_VERSION = 5.0;
				TARGETED_DEVICE_FAMILY = "1,2";
				VERSIONING_SYSTEM = "apple-generic";
				VERSION_INFO_PREFIX = "";
			};
			name = Release;
		};
		17A223CD299A78A800DF17C7 /* Debug */ = {
			isa = XCBuildConfiguration;
			buildSettings = {
				ALWAYS_SEARCH_USER_PATHS = NO;
				CLANG_ANALYZER_NONNULL = YES;
				CLANG_ANALYZER_NUMBER_OBJECT_CONVERSION = YES_AGGRESSIVE;
				CLANG_CXX_LANGUAGE_STANDARD = "gnu++20";
				CLANG_ENABLE_MODULES = YES;
				CLANG_ENABLE_OBJC_ARC = YES;
				CLANG_ENABLE_OBJC_WEAK = YES;
				CLANG_WARN_BLOCK_CAPTURE_AUTORELEASING = YES;
				CLANG_WARN_BOOL_CONVERSION = YES;
				CLANG_WARN_COMMA = YES;
				CLANG_WARN_CONSTANT_CONVERSION = YES;
				CLANG_WARN_DEPRECATED_OBJC_IMPLEMENTATIONS = YES;
				CLANG_WARN_DIRECT_OBJC_ISA_USAGE = YES_ERROR;
				CLANG_WARN_DOCUMENTATION_COMMENTS = YES;
				CLANG_WARN_EMPTY_BODY = YES;
				CLANG_WARN_ENUM_CONVERSION = YES;
				CLANG_WARN_INFINITE_RECURSION = YES;
				CLANG_WARN_INT_CONVERSION = YES;
				CLANG_WARN_NON_LITERAL_NULL_CONVERSION = YES;
				CLANG_WARN_OBJC_IMPLICIT_RETAIN_SELF = YES;
				CLANG_WARN_OBJC_LITERAL_CONVERSION = YES;
				CLANG_WARN_OBJC_ROOT_CLASS = YES_ERROR;
				CLANG_WARN_QUOTED_INCLUDE_IN_FRAMEWORK_HEADER = YES;
				CLANG_WARN_RANGE_LOOP_ANALYSIS = YES;
				CLANG_WARN_STRICT_PROTOTYPES = YES;
				CLANG_WARN_SUSPICIOUS_MOVE = YES;
				CLANG_WARN_UNGUARDED_AVAILABILITY = YES_AGGRESSIVE;
				CLANG_WARN_UNREACHABLE_CODE = YES;
				CLANG_WARN__DUPLICATE_METHOD_MATCH = YES;
				COPY_PHASE_STRIP = NO;
				DEBUG_INFORMATION_FORMAT = dwarf;
				ENABLE_STRICT_OBJC_MSGSEND = YES;
				ENABLE_TESTABILITY = YES;
				GCC_C_LANGUAGE_STANDARD = gnu11;
				GCC_DYNAMIC_NO_PIC = NO;
				GCC_NO_COMMON_BLOCKS = YES;
				GCC_OPTIMIZATION_LEVEL = 0;
				GCC_PREPROCESSOR_DEFINITIONS = (
					"DEBUG=1",
					"$(inherited)",
				);
				GCC_WARN_64_TO_32_BIT_CONVERSION = YES;
				GCC_WARN_ABOUT_RETURN_TYPE = YES_ERROR;
				GCC_WARN_UNDECLARED_SELECTOR = YES;
				GCC_WARN_UNINITIALIZED_AUTOS = YES_AGGRESSIVE;
				GCC_WARN_UNUSED_FUNCTION = YES;
				GCC_WARN_UNUSED_VARIABLE = YES;
				IPHONEOS_DEPLOYMENT_TARGET = 16.0;
				MTL_ENABLE_DEBUG_INFO = INCLUDE_SOURCE;
				MTL_FAST_MATH = YES;
				ONLY_ACTIVE_ARCH = YES;
				SDKROOT = iphoneos;
				SWIFT_ACTIVE_COMPILATION_CONDITIONS = DEBUG;
				SWIFT_OPTIMIZATION_LEVEL = "-Onone";
			};
			name = Debug;
		};
		17A223CE299A78A800DF17C7 /* Release */ = {
			isa = XCBuildConfiguration;
			buildSettings = {
				ALWAYS_SEARCH_USER_PATHS = NO;
				CLANG_ANALYZER_NONNULL = YES;
				CLANG_ANALYZER_NUMBER_OBJECT_CONVERSION = YES_AGGRESSIVE;
				CLANG_CXX_LANGUAGE_STANDARD = "gnu++20";
				CLANG_ENABLE_MODULES = YES;
				CLANG_ENABLE_OBJC_ARC = YES;
				CLANG_ENABLE_OBJC_WEAK = YES;
				CLANG_WARN_BLOCK_CAPTURE_AUTORELEASING = YES;
				CLANG_WARN_BOOL_CONVERSION = YES;
				CLANG_WARN_COMMA = YES;
				CLANG_WARN_CONSTANT_CONVERSION = YES;
				CLANG_WARN_DEPRECATED_OBJC_IMPLEMENTATIONS = YES;
				CLANG_WARN_DIRECT_OBJC_ISA_USAGE = YES_ERROR;
				CLANG_WARN_DOCUMENTATION_COMMENTS = YES;
				CLANG_WARN_EMPTY_BODY = YES;
				CLANG_WARN_ENUM_CONVERSION = YES;
				CLANG_WARN_INFINITE_RECURSION = YES;
				CLANG_WARN_INT_CONVERSION = YES;
				CLANG_WARN_NON_LITERAL_NULL_CONVERSION = YES;
				CLANG_WARN_OBJC_IMPLICIT_RETAIN_SELF = YES;
				CLANG_WARN_OBJC_LITERAL_CONVERSION = YES;
				CLANG_WARN_OBJC_ROOT_CLASS = YES_ERROR;
				CLANG_WARN_QUOTED_INCLUDE_IN_FRAMEWORK_HEADER = YES;
				CLANG_WARN_RANGE_LOOP_ANALYSIS = YES;
				CLANG_WARN_STRICT_PROTOTYPES = YES;
				CLANG_WARN_SUSPICIOUS_MOVE = YES;
				CLANG_WARN_UNGUARDED_AVAILABILITY = YES_AGGRESSIVE;
				CLANG_WARN_UNREACHABLE_CODE = YES;
				CLANG_WARN__DUPLICATE_METHOD_MATCH = YES;
				COPY_PHASE_STRIP = NO;
				DEBUG_INFORMATION_FORMAT = "dwarf-with-dsym";
				ENABLE_NS_ASSERTIONS = NO;
				ENABLE_STRICT_OBJC_MSGSEND = YES;
				GCC_C_LANGUAGE_STANDARD = gnu11;
				GCC_NO_COMMON_BLOCKS = YES;
				GCC_WARN_64_TO_32_BIT_CONVERSION = YES;
				GCC_WARN_ABOUT_RETURN_TYPE = YES_ERROR;
				GCC_WARN_UNDECLARED_SELECTOR = YES;
				GCC_WARN_UNINITIALIZED_AUTOS = YES_AGGRESSIVE;
				GCC_WARN_UNUSED_FUNCTION = YES;
				GCC_WARN_UNUSED_VARIABLE = YES;
				IPHONEOS_DEPLOYMENT_TARGET = 16.0;
				MTL_ENABLE_DEBUG_INFO = NO;
				MTL_FAST_MATH = YES;
				SDKROOT = iphoneos;
				SWIFT_COMPILATION_MODE = wholemodule;
				SWIFT_OPTIMIZATION_LEVEL = "-O";
				VALIDATE_PRODUCT = YES;
			};
			name = Release;
		};
		17A223D0299A78A800DF17C7 /* Debug */ = {
			isa = XCBuildConfiguration;
			baseConfigurationReference = CE157BEB0B3A6D55D4A0BE7B /* Pods-Navigation.debug.xcconfig */;
			buildSettings = {
				ALWAYS_EMBED_SWIFT_STANDARD_LIBRARIES = YES;
				ASSETCATALOG_COMPILER_APPICON_NAME = AppIcon;
				ASSETCATALOG_COMPILER_GLOBAL_ACCENT_COLOR_NAME = AccentColor;
				CODE_SIGN_STYLE = Automatic;
				CURRENT_PROJECT_VERSION = 1;
				GENERATE_INFOPLIST_FILE = YES;
				INFOPLIST_FILE = Navigation/Info.plist;
				INFOPLIST_KEY_UIApplicationSupportsIndirectInputEvents = YES;
				INFOPLIST_KEY_UILaunchStoryboardName = LaunchScreen;
				INFOPLIST_KEY_UIMainStoryboardFile = "";
				INFOPLIST_KEY_UISupportedInterfaceOrientations_iPad = "UIInterfaceOrientationPortrait UIInterfaceOrientationPortraitUpsideDown UIInterfaceOrientationLandscapeLeft UIInterfaceOrientationLandscapeRight";
				INFOPLIST_KEY_UISupportedInterfaceOrientations_iPhone = "UIInterfaceOrientationPortrait UIInterfaceOrientationLandscapeLeft UIInterfaceOrientationLandscapeRight";
				LD_RUNPATH_SEARCH_PATHS = (
					"$(inherited)",
					"@executable_path/Frameworks",
				);
				MARKETING_VERSION = 1.0;
				PRODUCT_BUNDLE_IDENTIFIER = Netology.Navigation;
				PRODUCT_NAME = "$(TARGET_NAME)";
				SWIFT_EMIT_LOC_STRINGS = YES;
				SWIFT_VERSION = 5.0;
				TARGETED_DEVICE_FAMILY = "1,2";
			};
			name = Debug;
		};
		17A223D1299A78A800DF17C7 /* Release */ = {
			isa = XCBuildConfiguration;
			baseConfigurationReference = E79CC38D933107068A0565FD /* Pods-Navigation.release.xcconfig */;
			buildSettings = {
				ALWAYS_EMBED_SWIFT_STANDARD_LIBRARIES = YES;
				ASSETCATALOG_COMPILER_APPICON_NAME = AppIcon;
				ASSETCATALOG_COMPILER_GLOBAL_ACCENT_COLOR_NAME = AccentColor;
				CODE_SIGN_STYLE = Automatic;
				CURRENT_PROJECT_VERSION = 1;
				GENERATE_INFOPLIST_FILE = YES;
				INFOPLIST_FILE = Navigation/Info.plist;
				INFOPLIST_KEY_UIApplicationSupportsIndirectInputEvents = YES;
				INFOPLIST_KEY_UILaunchStoryboardName = LaunchScreen;
				INFOPLIST_KEY_UIMainStoryboardFile = "";
				INFOPLIST_KEY_UISupportedInterfaceOrientations_iPad = "UIInterfaceOrientationPortrait UIInterfaceOrientationPortraitUpsideDown UIInterfaceOrientationLandscapeLeft UIInterfaceOrientationLandscapeRight";
				INFOPLIST_KEY_UISupportedInterfaceOrientations_iPhone = "UIInterfaceOrientationPortrait UIInterfaceOrientationLandscapeLeft UIInterfaceOrientationLandscapeRight";
				LD_RUNPATH_SEARCH_PATHS = (
					"$(inherited)",
					"@executable_path/Frameworks",
				);
				MARKETING_VERSION = 1.0;
				PRODUCT_BUNDLE_IDENTIFIER = Netology.Navigation;
				PRODUCT_NAME = "$(TARGET_NAME)";
				SWIFT_EMIT_LOC_STRINGS = YES;
				SWIFT_VERSION = 5.0;
				TARGETED_DEVICE_FAMILY = "1,2";
			};
			name = Release;
		};
/* End XCBuildConfiguration section */

/* Begin XCConfigurationList section */
		17A17CE329E134E600E56F33 /* Build configuration list for PBXNativeTarget "StorageService" */ = {
			isa = XCConfigurationList;
			buildConfigurations = (
				17A17CE429E134E600E56F33 /* Debug */,
				17A17CE529E134E600E56F33 /* Release */,
			);
			defaultConfigurationIsVisible = 0;
			defaultConfigurationName = Debug;
		};
		17A223B6299A78A700DF17C7 /* Build configuration list for PBXProject "Navigation" */ = {
			isa = XCConfigurationList;
			buildConfigurations = (
				17A223CD299A78A800DF17C7 /* Debug */,
				17A223CE299A78A800DF17C7 /* Release */,
			);
			defaultConfigurationIsVisible = 0;
			defaultConfigurationName = Debug;
		};
		17A223CF299A78A800DF17C7 /* Build configuration list for PBXNativeTarget "Navigation" */ = {
			isa = XCConfigurationList;
			buildConfigurations = (
				17A223D0299A78A800DF17C7 /* Debug */,
				17A223D1299A78A800DF17C7 /* Release */,
			);
			defaultConfigurationIsVisible = 0;
			defaultConfigurationName = Debug;
		};
/* End XCConfigurationList section */

/* Begin XCRemoteSwiftPackageReference section */
		17A17CEA29E2AC7C00E56F33 /* XCRemoteSwiftPackageReference "iOSIntPackage" */ = {
			isa = XCRemoteSwiftPackageReference;
			repositoryURL = "https://github.com/TrueMax/iOSIntPackage";
			requirement = {
				kind = upToNextMajorVersion;
				minimumVersion = 3.2.3;
			};
		};
/* End XCRemoteSwiftPackageReference section */

/* Begin XCSwiftPackageProductDependency section */
		17A17CEB29E2AC7C00E56F33 /* iOSIntPackage */ = {
			isa = XCSwiftPackageProductDependency;
			package = 17A17CEA29E2AC7C00E56F33 /* XCRemoteSwiftPackageReference "iOSIntPackage" */;
			productName = iOSIntPackage;
		};
/* End XCSwiftPackageProductDependency section */
	};
	rootObject = 17A223B3299A78A700DF17C7 /* Project object */;
}
